
Microsoft Visual Studio Solution File, Format Version 12.00
# Visual Studio Version 17
VisualStudioVersion = 17.11.35222.181
MinimumVisualStudioVersion = 10.0.40219.1
Project("{FAE04EC0-301F-11D3-BF4B-00C04F79EFBC}") = "piekluves-darbs", "piekluves-darbs\piekluves-darbs.csproj", "{1CB9E419-F0BC-41BA-BC6F-1E46343D0A80}"
EndProject
Global
	GlobalSection(SolutionConfigurationPlatforms) = preSolution
		Debug|Any CPU = Debug|Any CPU
		Release|Any CPU = Release|Any CPU
	EndGlobalSection
	GlobalSection(ProjectConfigurationPlatforms) = postSolution
		{1CB9E419-F0BC-41BA-BC6F-1E46343D0A80}.Debug|Any CPU.ActiveCfg = Debug|Any CPU
		{1CB9E419-F0BC-41BA-BC6F-1E46343D0A80}.Debug|Any CPU.Build.0 = Debug|Any CPU
		{1CB9E419-F0BC-41BA-BC6F-1E46343D0A80}.Release|Any CPU.ActiveCfg = Release|Any CPU
		{1CB9E419-F0BC-41BA-BC6F-1E46343D0A80}.Release|Any CPU.Build.0 = Release|Any CPU
	EndGlobalSection
	GlobalSection(SolutionProperties) = preSolution
		HideSolutionNode = FALSE
	EndGlobalSection
	GlobalSection(ExtensibilityGlobals) = postSolution
		SolutionGuid = {CDE41591-DBCA-4B48-9B5A-9CF1B80AB007}
	EndGlobalSection
EndGlobal
